// !$*UTF8*$!
{
	archiveVersion = 1;
	classes = {
	};
	objectVersion = 48;
	objects = {

/* Begin PBXBuildFile section */
		33252BA41F72C16E00146B7E /* RestaurantListViewController.swift in Sources */ = {isa = PBXBuildFile; fileRef = 33252BA31F72C16E00146B7E /* RestaurantListViewController.swift */; };
		33287F0B1F74F65100BDD69F /* RestOoOTests.swift in Sources */ = {isa = PBXBuildFile; fileRef = 33287F0A1F74F65100BDD69F /* RestOoOTests.swift */; };
		33901DDD1F716F4600291C94 /* AppDelegate.swift in Sources */ = {isa = PBXBuildFile; fileRef = 33901DDC1F716F4600291C94 /* AppDelegate.swift */; };
		33901DDF1F716F4600291C94 /* ViewController.swift in Sources */ = {isa = PBXBuildFile; fileRef = 33901DDE1F716F4600291C94 /* ViewController.swift */; };
		33901DE21F716F4600291C94 /* Main.storyboard in Resources */ = {isa = PBXBuildFile; fileRef = 33901DE01F716F4600291C94 /* Main.storyboard */; };
		33901DE41F716F4600291C94 /* Assets.xcassets in Resources */ = {isa = PBXBuildFile; fileRef = 33901DE31F716F4600291C94 /* Assets.xcassets */; };
		33901DE71F716F4600291C94 /* LaunchScreen.storyboard in Resources */ = {isa = PBXBuildFile; fileRef = 33901DE51F716F4600291C94 /* LaunchScreen.storyboard */; };
		33901DF11F729A7700291C94 /* Restaurant.swift in Sources */ = {isa = PBXBuildFile; fileRef = 33901DF01F729A7700291C94 /* Restaurant.swift */; };
		33901DF31F729A8200291C94 /* Directory.swift in Sources */ = {isa = PBXBuildFile; fileRef = 33901DF21F729A8200291C94 /* Directory.swift */; };
		33B2FE4C1F73F4AA00F8FF72 /* DetailsViewController.swift in Sources */ = {isa = PBXBuildFile; fileRef = 33B2FE4B1F73F4AA00F8FF72 /* DetailsViewController.swift */; };
		33B2FE4E1F74035500F8FF72 /* Constants.swift in Sources */ = {isa = PBXBuildFile; fileRef = 33B2FE4D1F74035500F8FF72 /* Constants.swift */; };
/* End PBXBuildFile section */

/* Begin PBXContainerItemProxy section */
		33287F0D1F74F65100BDD69F /* PBXContainerItemProxy */ = {
			isa = PBXContainerItemProxy;
			containerPortal = 33901DD11F716F4600291C94 /* Project object */;
			proxyType = 1;
			remoteGlobalIDString = 33901DD81F716F4600291C94;
			remoteInfo = RestOoO;
		};
/* End PBXContainerItemProxy section */

/* Begin PBXFileReference section */
		33252BA31F72C16E00146B7E /* RestaurantListViewController.swift */ = {isa = PBXFileReference; lastKnownFileType = sourcecode.swift; path = RestaurantListViewController.swift; sourceTree = "<group>"; };
		33287F081F74F65100BDD69F /* RestOoOTests.xctest */ = {isa = PBXFileReference; explicitFileType = wrapper.cfbundle; includeInIndex = 0; path = RestOoOTests.xctest; sourceTree = BUILT_PRODUCTS_DIR; };
		33287F0A1F74F65100BDD69F /* RestOoOTests.swift */ = {isa = PBXFileReference; lastKnownFileType = sourcecode.swift; path = RestOoOTests.swift; sourceTree = "<group>"; };
		33287F0C1F74F65100BDD69F /* Info.plist */ = {isa = PBXFileReference; lastKnownFileType = text.plist.xml; path = Info.plist; sourceTree = "<group>"; };
		33901DD91F716F4600291C94 /* RestOoO.app */ = {isa = PBXFileReference; explicitFileType = wrapper.application; includeInIndex = 0; path = RestOoO.app; sourceTree = BUILT_PRODUCTS_DIR; };
		33901DDC1F716F4600291C94 /* AppDelegate.swift */ = {isa = PBXFileReference; lastKnownFileType = sourcecode.swift; path = AppDelegate.swift; sourceTree = "<group>"; };
		33901DDE1F716F4600291C94 /* ViewController.swift */ = {isa = PBXFileReference; lastKnownFileType = sourcecode.swift; path = ViewController.swift; sourceTree = "<group>"; };
		33901DE11F716F4600291C94 /* Base */ = {isa = PBXFileReference; lastKnownFileType = file.storyboard; name = Base; path = Base.lproj/Main.storyboard; sourceTree = "<group>"; };
		33901DE31F716F4600291C94 /* Assets.xcassets */ = {isa = PBXFileReference; lastKnownFileType = folder.assetcatalog; path = Assets.xcassets; sourceTree = "<group>"; };
		33901DE61F716F4600291C94 /* Base */ = {isa = PBXFileReference; lastKnownFileType = file.storyboard; name = Base; path = Base.lproj/LaunchScreen.storyboard; sourceTree = "<group>"; };
		33901DE81F716F4600291C94 /* Info.plist */ = {isa = PBXFileReference; lastKnownFileType = text.plist.xml; path = Info.plist; sourceTree = "<group>"; };
		33901DF01F729A7700291C94 /* Restaurant.swift */ = {isa = PBXFileReference; lastKnownFileType = sourcecode.swift; path = Restaurant.swift; sourceTree = "<group>"; };
		33901DF21F729A8200291C94 /* Directory.swift */ = {isa = PBXFileReference; lastKnownFileType = sourcecode.swift; path = Directory.swift; sourceTree = "<group>"; };
		33B2FE4B1F73F4AA00F8FF72 /* DetailsViewController.swift */ = {isa = PBXFileReference; lastKnownFileType = sourcecode.swift; path = DetailsViewController.swift; sourceTree = "<group>"; };
		33B2FE4D1F74035500F8FF72 /* Constants.swift */ = {isa = PBXFileReference; lastKnownFileType = sourcecode.swift; path = Constants.swift; sourceTree = "<group>"; };
/* End PBXFileReference section */

/* Begin PBXFrameworksBuildPhase section */
		33287F051F74F65100BDD69F /* Frameworks */ = {
			isa = PBXFrameworksBuildPhase;
			buildActionMask = 2147483647;
			files = (
			);
			runOnlyForDeploymentPostprocessing = 0;
		};
		33901DD61F716F4600291C94 /* Frameworks */ = {
			isa = PBXFrameworksBuildPhase;
			buildActionMask = 2147483647;
			files = (
			);
			runOnlyForDeploymentPostprocessing = 0;
		};
/* End PBXFrameworksBuildPhase section */

/* Begin PBXGroup section */
		33287F091F74F65100BDD69F /* RestOoOTests */ = {
			isa = PBXGroup;
			children = (
				33287F0A1F74F65100BDD69F /* RestOoOTests.swift */,
				33287F0C1F74F65100BDD69F /* Info.plist */,
			);
			path = RestOoOTests;
			sourceTree = "<group>";
		};
		33901DD01F716F4600291C94 = {
			isa = PBXGroup;
			children = (
				33901DDB1F716F4600291C94 /* RestOoO */,
				33287F091F74F65100BDD69F /* RestOoOTests */,
				33901DDA1F716F4600291C94 /* Products */,
			);
			sourceTree = "<group>";
		};
		33901DDA1F716F4600291C94 /* Products */ = {
			isa = PBXGroup;
			children = (
				33901DD91F716F4600291C94 /* RestOoO.app */,
				33287F081F74F65100BDD69F /* RestOoOTests.xctest */,
			);
			name = Products;
			sourceTree = "<group>";
		};
		33901DDB1F716F4600291C94 /* RestOoO */ = {
			isa = PBXGroup;
			children = (
				33901DDC1F716F4600291C94 /* AppDelegate.swift */,
				33B2FE4D1F74035500F8FF72 /* Constants.swift */,
				33901DEE1F72569700291C94 /* Controllers */,
				33901DEF1F729A6700291C94 /* Models */,
				33901DE01F716F4600291C94 /* Main.storyboard */,
				33901DE31F716F4600291C94 /* Assets.xcassets */,
				33901DE51F716F4600291C94 /* LaunchScreen.storyboard */,
				33901DE81F716F4600291C94 /* Info.plist */,
			);
			path = RestOoO;
			sourceTree = "<group>";
		};
		33901DEE1F72569700291C94 /* Controllers */ = {
			isa = PBXGroup;
			children = (
				33901DDE1F716F4600291C94 /* ViewController.swift */,
				33252BA31F72C16E00146B7E /* RestaurantListViewController.swift */,
				33B2FE4B1F73F4AA00F8FF72 /* DetailsViewController.swift */,
			);
			path = Controllers;
			sourceTree = "<group>";
		};
		33901DEF1F729A6700291C94 /* Models */ = {
			isa = PBXGroup;
			children = (
				33901DF01F729A7700291C94 /* Restaurant.swift */,
				33901DF21F729A8200291C94 /* Directory.swift */,
			);
			path = Models;
			sourceTree = "<group>";
		};
/* End PBXGroup section */

/* Begin PBXNativeTarget section */
		33287F071F74F65100BDD69F /* RestOoOTests */ = {
			isa = PBXNativeTarget;
			buildConfigurationList = 33287F111F74F65100BDD69F /* Build configuration list for PBXNativeTarget "RestOoOTests" */;
			buildPhases = (
				33287F041F74F65100BDD69F /* Sources */,
				33287F051F74F65100BDD69F /* Frameworks */,
				33287F061F74F65100BDD69F /* Resources */,
			);
			buildRules = (
			);
			dependencies = (
				33287F0E1F74F65100BDD69F /* PBXTargetDependency */,
			);
			name = RestOoOTests;
			productName = RestOoOTests;
			productReference = 33287F081F74F65100BDD69F /* RestOoOTests.xctest */;
			productType = "com.apple.product-type.bundle.unit-test";
		};
		33901DD81F716F4600291C94 /* RestOoO */ = {
			isa = PBXNativeTarget;
			buildConfigurationList = 33901DEB1F716F4600291C94 /* Build configuration list for PBXNativeTarget "RestOoO" */;
			buildPhases = (
				33901DD51F716F4600291C94 /* Sources */,
				33901DD61F716F4600291C94 /* Frameworks */,
				33901DD71F716F4600291C94 /* Resources */,
			);
			buildRules = (
			);
			dependencies = (
			);
			name = RestOoO;
			productName = RestOoO;
			productReference = 33901DD91F716F4600291C94 /* RestOoO.app */;
			productType = "com.apple.product-type.application";
		};
/* End PBXNativeTarget section */

/* Begin PBXProject section */
		33901DD11F716F4600291C94 /* Project object */ = {
			isa = PBXProject;
			attributes = {
				LastSwiftUpdateCheck = 0900;
				LastUpgradeCheck = 0900;
				ORGANIZATIONNAME = "Ludovic Ollagnier";
				TargetAttributes = {
					33287F071F74F65100BDD69F = {
						CreatedOnToolsVersion = 9.0;
						ProvisioningStyle = Automatic;
						TestTargetID = 33901DD81F716F4600291C94;
					};
					33901DD81F716F4600291C94 = {
						CreatedOnToolsVersion = 9.0;
						ProvisioningStyle = Automatic;
						SystemCapabilities = {
							com.apple.Push = {
								enabled = 0;
							};
							com.apple.iCloud = {
								enabled = 0;
							};
						};
					};
				};
			};
			buildConfigurationList = 33901DD41F716F4600291C94 /* Build configuration list for PBXProject "RestOoO" */;
			compatibilityVersion = "Xcode 8.0";
			developmentRegion = en;
			hasScannedForEncodings = 0;
			knownRegions = (
				en,
				Base,
			);
			mainGroup = 33901DD01F716F4600291C94;
			productRefGroup = 33901DDA1F716F4600291C94 /* Products */;
			projectDirPath = "";
			projectRoot = "";
			targets = (
				33901DD81F716F4600291C94 /* RestOoO */,
				33287F071F74F65100BDD69F /* RestOoOTests */,
			);
		};
/* End PBXProject section */

/* Begin PBXResourcesBuildPhase section */
		33287F061F74F65100BDD69F /* Resources */ = {
			isa = PBXResourcesBuildPhase;
			buildActionMask = 2147483647;
			files = (
			);
			runOnlyForDeploymentPostprocessing = 0;
		};
		33901DD71F716F4600291C94 /* Resources */ = {
			isa = PBXResourcesBuildPhase;
			buildActionMask = 2147483647;
			files = (
				33901DE71F716F4600291C94 /* LaunchScreen.storyboard in Resources */,
				33901DE41F716F4600291C94 /* Assets.xcassets in Resources */,
				33901DE21F716F4600291C94 /* Main.storyboard in Resources */,
			);
			runOnlyForDeploymentPostprocessing = 0;
		};
/* End PBXResourcesBuildPhase section */

/* Begin PBXSourcesBuildPhase section */
		33287F041F74F65100BDD69F /* Sources */ = {
			isa = PBXSourcesBuildPhase;
			buildActionMask = 2147483647;
			files = (
				33287F0B1F74F65100BDD69F /* RestOoOTests.swift in Sources */,
			);
			runOnlyForDeploymentPostprocessing = 0;
		};
		33901DD51F716F4600291C94 /* Sources */ = {
			isa = PBXSourcesBuildPhase;
			buildActionMask = 2147483647;
			files = (
				33901DDF1F716F4600291C94 /* ViewController.swift in Sources */,
				33901DDD1F716F4600291C94 /* AppDelegate.swift in Sources */,
				33252BA41F72C16E00146B7E /* RestaurantListViewController.swift in Sources */,
				33901DF11F729A7700291C94 /* Restaurant.swift in Sources */,
				33B2FE4E1F74035500F8FF72 /* Constants.swift in Sources */,
				33901DF31F729A8200291C94 /* Directory.swift in Sources */,
				33B2FE4C1F73F4AA00F8FF72 /* DetailsViewController.swift in Sources */,
			);
			runOnlyForDeploymentPostprocessing = 0;
		};
/* End PBXSourcesBuildPhase section */

/* Begin PBXTargetDependency section */
		33287F0E1F74F65100BDD69F /* PBXTargetDependency */ = {
			isa = PBXTargetDependency;
			target = 33901DD81F716F4600291C94 /* RestOoO */;
			targetProxy = 33287F0D1F74F65100BDD69F /* PBXContainerItemProxy */;
		};
/* End PBXTargetDependency section */

/* Begin PBXVariantGroup section */
		33901DE01F716F4600291C94 /* Main.storyboard */ = {
			isa = PBXVariantGroup;
			children = (
				33901DE11F716F4600291C94 /* Base */,
			);
			name = Main.storyboard;
			sourceTree = "<group>";
		};
		33901DE51F716F4600291C94 /* LaunchScreen.storyboard */ = {
			isa = PBXVariantGroup;
			children = (
				33901DE61F716F4600291C94 /* Base */,
			);
			name = LaunchScreen.storyboard;
			sourceTree = "<group>";
		};
/* End PBXVariantGroup section */

/* Begin XCBuildConfiguration section */
		33287F0F1F74F65100BDD69F /* Debug */ = {
			isa = XCBuildConfiguration;
			buildSettings = {
				BUNDLE_LOADER = "$(TEST_HOST)";
				CODE_SIGN_STYLE = Automatic;
				DEVELOPMENT_TEAM = A7SGM6JEMA;
				INFOPLIST_FILE = RestOoOTests/Info.plist;
				LD_RUNPATH_SEARCH_PATHS = "$(inherited) @executable_path/Frameworks @loader_path/Frameworks";
				PRODUCT_BUNDLE_IDENTIFIER = fr.tectec.RestOoOTests;
				PRODUCT_NAME = "$(TARGET_NAME)";
				SWIFT_VERSION = 4.0;
				TARGETED_DEVICE_FAMILY = "1,2";
				TEST_HOST = "$(BUILT_PRODUCTS_DIR)/RestOoO.app/RestOoO";
			};
			name = Debug;
		};
		33287F101F74F65100BDD69F /* Release */ = {
			isa = XCBuildConfiguration;
			buildSettings = {
				BUNDLE_LOADER = "$(TEST_HOST)";
				CODE_SIGN_STYLE = Automatic;
				DEVELOPMENT_TEAM = A7SGM6JEMA;
				INFOPLIST_FILE = RestOoOTests/Info.plist;
				LD_RUNPATH_SEARCH_PATHS = "$(inherited) @executable_path/Frameworks @loader_path/Frameworks";
				PRODUCT_BUNDLE_IDENTIFIER = fr.tectec.RestOoOTests;
				PRODUCT_NAME = "$(TARGET_NAME)";
				SWIFT_VERSION = 4.0;
				TARGETED_DEVICE_FAMILY = "1,2";
				TEST_HOST = "$(BUILT_PRODUCTS_DIR)/RestOoO.app/RestOoO";
			};
			name = Release;
		};
		33901DE91F716F4600291C94 /* Debug */ = {
			isa = XCBuildConfiguration;
			buildSettings = {
				ALWAYS_SEARCH_USER_PATHS = NO;
				CLANG_ANALYZER_NONNULL = YES;
				CLANG_ANALYZER_NUMBER_OBJECT_CONVERSION = YES_AGGRESSIVE;
				CLANG_CXX_LANGUAGE_STANDARD = "gnu++14";
				CLANG_CXX_LIBRARY = "libc++";
				CLANG_ENABLE_MODULES = YES;
				CLANG_ENABLE_OBJC_ARC = YES;
				CLANG_WARN_BLOCK_CAPTURE_AUTORELEASING = YES;
				CLANG_WARN_BOOL_CONVERSION = YES;
				CLANG_WARN_COMMA = YES;
				CLANG_WARN_CONSTANT_CONVERSION = YES;
				CLANG_WARN_DIRECT_OBJC_ISA_USAGE = YES_ERROR;
				CLANG_WARN_DOCUMENTATION_COMMENTS = YES;
				CLANG_WARN_EMPTY_BODY = YES;
				CLANG_WARN_ENUM_CONVERSION = YES;
				CLANG_WARN_INFINITE_RECURSION = YES;
				CLANG_WARN_INT_CONVERSION = YES;
				CLANG_WARN_NON_LITERAL_NULL_CONVERSION = YES;
				CLANG_WARN_OBJC_LITERAL_CONVERSION = YES;
				CLANG_WARN_OBJC_ROOT_CLASS = YES_ERROR;
				CLANG_WARN_RANGE_LOOP_ANALYSIS = YES;
				CLANG_WARN_STRICT_PROTOTYPES = YES;
				CLANG_WARN_SUSPICIOUS_MOVE = YES;
				CLANG_WARN_UNGUARDED_AVAILABILITY = YES_AGGRESSIVE;
				CLANG_WARN_UNREACHABLE_CODE = YES;
				CLANG_WARN__DUPLICATE_METHOD_MATCH = YES;
				CODE_SIGN_IDENTITY = "iPhone Developer";
				COPY_PHASE_STRIP = NO;
				DEBUG_INFORMATION_FORMAT = dwarf;
				ENABLE_STRICT_OBJC_MSGSEND = YES;
				ENABLE_TESTABILITY = YES;
				GCC_C_LANGUAGE_STANDARD = gnu11;
				GCC_DYNAMIC_NO_PIC = NO;
				GCC_NO_COMMON_BLOCKS = YES;
				GCC_OPTIMIZATION_LEVEL = 0;
				GCC_PREPROCESSOR_DEFINITIONS = (
					"DEBUG=1",
					"$(inherited)",
				);
				GCC_WARN_64_TO_32_BIT_CONVERSION = YES;
				GCC_WARN_ABOUT_RETURN_TYPE = YES_ERROR;
				GCC_WARN_UNDECLARED_SELECTOR = YES;
				GCC_WARN_UNINITIALIZED_AUTOS = YES_AGGRESSIVE;
				GCC_WARN_UNUSED_FUNCTION = YES;
				GCC_WARN_UNUSED_VARIABLE = YES;
				IPHONEOS_DEPLOYMENT_TARGET = 11.0;
				MTL_ENABLE_DEBUG_INFO = YES;
				ONLY_ACTIVE_ARCH = YES;
				SDKROOT = iphoneos;
				SWIFT_ACTIVE_COMPILATION_CONDITIONS = DEBUG;
				SWIFT_OPTIMIZATION_LEVEL = "-Onone";
			};
			name = Debug;
		};
		33901DEA1F716F4600291C94 /* Release */ = {
			isa = XCBuildConfiguration;
			buildSettings = {
				ALWAYS_SEARCH_USER_PATHS = NO;
				CLANG_ANALYZER_NONNULL = YES;
				CLANG_ANALYZER_NUMBER_OBJECT_CONVERSION = YES_AGGRESSIVE;
				CLANG_CXX_LANGUAGE_STANDARD = "gnu++14";
				CLANG_CXX_LIBRARY = "libc++";
				CLANG_ENABLE_MODULES = YES;
				CLANG_ENABLE_OBJC_ARC = YES;
				CLANG_WARN_BLOCK_CAPTURE_AUTORELEASING = YES;
				CLANG_WARN_BOOL_CONVERSION = YES;
				CLANG_WARN_COMMA = YES;
				CLANG_WARN_CONSTANT_CONVERSION = YES;
				CLANG_WARN_DIRECT_OBJC_ISA_USAGE = YES_ERROR;
				CLANG_WARN_DOCUMENTATION_COMMENTS = YES;
				CLANG_WARN_EMPTY_BODY = YES;
				CLANG_WARN_ENUM_CONVERSION = YES;
				CLANG_WARN_INFINITE_RECURSION = YES;
				CLANG_WARN_INT_CONVERSION = YES;
				CLANG_WARN_NON_LITERAL_NULL_CONVERSION = YES;
				CLANG_WARN_OBJC_LITERAL_CONVERSION = YES;
				CLANG_WARN_OBJC_ROOT_CLASS = YES_ERROR;
				CLANG_WARN_RANGE_LOOP_ANALYSIS = YES;
				CLANG_WARN_STRICT_PROTOTYPES = YES;
				CLANG_WARN_SUSPICIOUS_MOVE = YES;
				CLANG_WARN_UNGUARDED_AVAILABILITY = YES_AGGRESSIVE;
				CLANG_WARN_UNREACHABLE_CODE = YES;
				CLANG_WARN__DUPLICATE_METHOD_MATCH = YES;
				CODE_SIGN_IDENTITY = "iPhone Developer";
				COPY_PHASE_STRIP = NO;
				DEBUG_INFORMATION_FORMAT = "dwarf-with-dsym";
				ENABLE_NS_ASSERTIONS = NO;
				ENABLE_STRICT_OBJC_MSGSEND = YES;
				GCC_C_LANGUAGE_STANDARD = gnu11;
				GCC_NO_COMMON_BLOCKS = YES;
				GCC_WARN_64_TO_32_BIT_CONVERSION = YES;
				GCC_WARN_ABOUT_RETURN_TYPE = YES_ERROR;
				GCC_WARN_UNDECLARED_SELECTOR = YES;
				GCC_WARN_UNINITIALIZED_AUTOS = YES_AGGRESSIVE;
				GCC_WARN_UNUSED_FUNCTION = YES;
				GCC_WARN_UNUSED_VARIABLE = YES;
				IPHONEOS_DEPLOYMENT_TARGET = 11.0;
				MTL_ENABLE_DEBUG_INFO = NO;
				SDKROOT = iphoneos;
				SWIFT_OPTIMIZATION_LEVEL = "-Owholemodule";
				VALIDATE_PRODUCT = YES;
			};
			name = Release;
		};
		33901DEC1F716F4600291C94 /* Debug */ = {
			isa = XCBuildConfiguration;
			buildSettings = {
				ASSETCATALOG_COMPILER_APPICON_NAME = AppIcon;
				CODE_SIGN_STYLE = Automatic;
				DEVELOPMENT_TEAM = A7SGM6JEMA;
				GCC_OPTIMIZATION_LEVEL = 0;
				INFOPLIST_FILE = RestOoO/Info.plist;
				IPHONEOS_DEPLOYMENT_TARGET = 10.0;
				LD_RUNPATH_SEARCH_PATHS = "$(inherited) @executable_path/Frameworks";
				PRODUCT_BUNDLE_IDENTIFIER = fr.tectec.RestOoO;
				PRODUCT_NAME = "$(TARGET_NAME)";
				SWIFT_VERSION = 4.0;
				TARGETED_DEVICE_FAMILY = "1,2";
			};
			name = Debug;
		};
		33901DED1F716F4600291C94 /* Release */ = {
			isa = XCBuildConfiguration;
			buildSettings = {
				ASSETCATALOG_COMPILER_APPICON_NAME = AppIcon;
				CODE_SIGN_STYLE = Automatic;
				DEVELOPMENT_TEAM = A7SGM6JEMA;
				INFOPLIST_FILE = RestOoO/Info.plist;
				IPHONEOS_DEPLOYMENT_TARGET = 10.0;
				LD_RUNPATH_SEARCH_PATHS = "$(inherited) @executable_path/Frameworks";
				PRODUCT_BUNDLE_IDENTIFIER = fr.tectec.RestOoO;
				PRODUCT_NAME = "$(TARGET_NAME)";
				SWIFT_VERSION = 4.0;
				TARGETED_DEVICE_FAMILY = "1,2";
			};
			name = Release;
		};
/* End XCBuildConfiguration section */

/* Begin XCConfigurationList section */
		33287F111F74F65100BDD69F /* Build configuration list for PBXNativeTarget "RestOoOTests" */ = {
			isa = XCConfigurationList;
			buildConfigurations = (
				33287F0F1F74F65100BDD69F /* Debug */,
				33287F101F74F65100BDD69F /* Release */,
			);
			defaultConfigurationIsVisible = 0;
			defaultConfigurationName = Release;
		};
		33901DD41F716F4600291C94 /* Build configuration list for PBXProject "RestOoO" */ = {
			isa = XCConfigurationList;
			buildConfigurations = (
				33901DE91F716F4600291C94 /* Debug */,
				33901DEA1F716F4600291C94 /* Release */,
			);
			defaultConfigurationIsVisible = 0;
			defaultConfigurationName = Release;
		};
		33901DEB1F716F4600291C94 /* Build configuration list for PBXNativeTarget "RestOoO" */ = {
			isa = XCConfigurationList;
			buildConfigurations = (
				33901DEC1F716F4600291C94 /* Debug */,
				33901DED1F716F4600291C94 /* Release */,
			);
			defaultConfigurationIsVisible = 0;
			defaultConfigurationName = Release;
		};
/* End XCConfigurationList section */
	};
	rootObject = 33901DD11F716F4600291C94 /* Project object */;
}
